// !$*UTF8*$!
{
	archiveVersion = 1;
	classes = {
	};
	objectVersion = 46;
	objects = {

/* Begin PBXBuildFile section */
		18AA15BA1B10905000B14227 /* main.m in Sources */ = {isa = PBXBuildFile; fileRef = 18AA15B91B10905000B14227 /* main.m */; };
		18AA15BD1B10905000B14227 /* AppDelegate.m in Sources */ = {isa = PBXBuildFile; fileRef = 18AA15BC1B10905000B14227 /* AppDelegate.m */; };
		18AA15C01B10905000B14227 /* ViewController.m in Sources */ = {isa = PBXBuildFile; fileRef = 18AA15BF1B10905000B14227 /* ViewController.m */; };
		18AA15C51B10905000B14227 /* Images.xcassets in Resources */ = {isa = PBXBuildFile; fileRef = 18AA15C41B10905000B14227 /* Images.xcassets */; };
		18AA15C81B10905000B14227 /* LaunchScreen.xib in Resources */ = {isa = PBXBuildFile; fileRef = 18AA15C61B10905000B14227 /* LaunchScreen.xib */; };
		18AA15D41B10905000B14227 /* EXTabBarControllerTests.m in Sources */ = {isa = PBXBuildFile; fileRef = 18AA15D31B10905000B14227 /* EXTabBarControllerTests.m */; };
		18AA15E01B10907800B14227 /* EXTabBarController.m in Sources */ = {isa = PBXBuildFile; fileRef = 18AA15DF1B10907800B14227 /* EXTabBarController.m */; };
		18AA15E31B10A1A500B14227 /* EXTabBar.m in Sources */ = {isa = PBXBuildFile; fileRef = 18AA15E21B10A1A500B14227 /* EXTabBar.m */; };
		18AA15E61B10A1E600B14227 /* EXTabBarItem.m in Sources */ = {isa = PBXBuildFile; fileRef = 18AA15E51B10A1E600B14227 /* EXTabBarItem.m */; };
/* End PBXBuildFile section */

/* Begin PBXContainerItemProxy section */
		18AA15CE1B10905000B14227 /* PBXContainerItemProxy */ = {
			isa = PBXContainerItemProxy;
			containerPortal = 18AA15AC1B10905000B14227 /* Project object */;
			proxyType = 1;
			remoteGlobalIDString = 18AA15B31B10905000B14227;
			remoteInfo = EXTabBarController;
		};
/* End PBXContainerItemProxy section */

/* Begin PBXFileReference section */
		18AA15B41B10905000B14227 /* EXTabBarController.app */ = {isa = PBXFileReference; explicitFileType = wrapper.application; includeInIndex = 0; path = EXTabBarController.app; sourceTree = BUILT_PRODUCTS_DIR; };
		18AA15B81B10905000B14227 /* Info.plist */ = {isa = PBXFileReference; lastKnownFileType = text.plist.xml; path = Info.plist; sourceTree = "<group>"; };
		18AA15B91B10905000B14227 /* main.m */ = {isa = PBXFileReference; lastKnownFileType = sourcecode.c.objc; path = main.m; sourceTree = "<group>"; };
		18AA15BB1B10905000B14227 /* AppDelegate.h */ = {isa = PBXFileReference; lastKnownFileType = sourcecode.c.h; path = AppDelegate.h; sourceTree = "<group>"; };
		18AA15BC1B10905000B14227 /* AppDelegate.m */ = {isa = PBXFileReference; lastKnownFileType = sourcecode.c.objc; path = AppDelegate.m; sourceTree = "<group>"; };
		18AA15BE1B10905000B14227 /* ViewController.h */ = {isa = PBXFileReference; lastKnownFileType = sourcecode.c.h; path = ViewController.h; sourceTree = "<group>"; };
		18AA15BF1B10905000B14227 /* ViewController.m */ = {isa = PBXFileReference; lastKnownFileType = sourcecode.c.objc; path = ViewController.m; sourceTree = "<group>"; };
		18AA15C41B10905000B14227 /* Images.xcassets */ = {isa = PBXFileReference; lastKnownFileType = folder.assetcatalog; path = Images.xcassets; sourceTree = "<group>"; };
		18AA15C71B10905000B14227 /* Base */ = {isa = PBXFileReference; lastKnownFileType = file.xib; name = Base; path = Base.lproj/LaunchScreen.xib; sourceTree = "<group>"; };
		18AA15CD1B10905000B14227 /* EXTabBarControllerTests.xctest */ = {isa = PBXFileReference; explicitFileType = wrapper.cfbundle; includeInIndex = 0; path = EXTabBarControllerTests.xctest; sourceTree = BUILT_PRODUCTS_DIR; };
		18AA15D21B10905000B14227 /* Info.plist */ = {isa = PBXFileReference; lastKnownFileType = text.plist.xml; path = Info.plist; sourceTree = "<group>"; };
		18AA15D31B10905000B14227 /* EXTabBarControllerTests.m */ = {isa = PBXFileReference; lastKnownFileType = sourcecode.c.objc; path = EXTabBarControllerTests.m; sourceTree = "<group>"; };
		18AA15DE1B10907800B14227 /* EXTabBarController.h */ = {isa = PBXFileReference; fileEncoding = 4; lastKnownFileType = sourcecode.c.h; path = EXTabBarController.h; sourceTree = "<group>"; };
		18AA15DF1B10907800B14227 /* EXTabBarController.m */ = {isa = PBXFileReference; fileEncoding = 4; lastKnownFileType = sourcecode.c.objc; path = EXTabBarController.m; sourceTree = "<group>"; };
		18AA15E11B10A1A500B14227 /* EXTabBar.h */ = {isa = PBXFileReference; fileEncoding = 4; lastKnownFileType = sourcecode.c.h; path = EXTabBar.h; sourceTree = "<group>"; };
		18AA15E21B10A1A500B14227 /* EXTabBar.m */ = {isa = PBXFileReference; fileEncoding = 4; lastKnownFileType = sourcecode.c.objc; path = EXTabBar.m; sourceTree = "<group>"; };
		18AA15E41B10A1E600B14227 /* EXTabBarItem.h */ = {isa = PBXFileReference; fileEncoding = 4; lastKnownFileType = sourcecode.c.h; path = EXTabBarItem.h; sourceTree = "<group>"; };
		18AA15E51B10A1E600B14227 /* EXTabBarItem.m */ = {isa = PBXFileReference; fileEncoding = 4; lastKnownFileType = sourcecode.c.objc; path = EXTabBarItem.m; sourceTree = "<group>"; };
/* End PBXFileReference section */

/* Begin PBXFrameworksBuildPhase section */
		18AA15B11B10905000B14227 /* Frameworks */ = {
			isa = PBXFrameworksBuildPhase;
			buildActionMask = 2147483647;
			files = (
			);
			runOnlyForDeploymentPostprocessing = 0;
		};
		18AA15CA1B10905000B14227 /* Frameworks */ = {
			isa = PBXFrameworksBuildPhase;
			buildActionMask = 2147483647;
			files = (
			);
			runOnlyForDeploymentPostprocessing = 0;
		};
/* End PBXFrameworksBuildPhase section */

/* Begin PBXGroup section */
		18AA15AB1B10905000B14227 = {
			isa = PBXGroup;
			children = (
				18AA15B61B10905000B14227 /* EXTabBarController */,
				18AA15D01B10905000B14227 /* EXTabBarControllerTests */,
				18AA15B51B10905000B14227 /* Products */,
			);
			sourceTree = "<group>";
		};
		18AA15B51B10905000B14227 /* Products */ = {
			isa = PBXGroup;
			children = (
				18AA15B41B10905000B14227 /* EXTabBarController.app */,
				18AA15CD1B10905000B14227 /* EXTabBarControllerTests.xctest */,
			);
			name = Products;
			sourceTree = "<group>";
		};
		18AA15B61B10905000B14227 /* EXTabBarController */ = {
			isa = PBXGroup;
			children = (
				18AA15DD1B10905D00B14227 /* Classes */,
				18AA15BB1B10905000B14227 /* AppDelegate.h */,
				18AA15BC1B10905000B14227 /* AppDelegate.m */,
				18AA15BE1B10905000B14227 /* ViewController.h */,
				18AA15BF1B10905000B14227 /* ViewController.m */,
				18AA15C41B10905000B14227 /* Images.xcassets */,
				18AA15C61B10905000B14227 /* LaunchScreen.xib */,
				18AA15B71B10905000B14227 /* Supporting Files */,
			);
			path = EXTabBarController;
			sourceTree = "<group>";
		};
		18AA15B71B10905000B14227 /* Supporting Files */ = {
			isa = PBXGroup;
			children = (
				18AA15B81B10905000B14227 /* Info.plist */,
				18AA15B91B10905000B14227 /* main.m */,
			);
			name = "Supporting Files";
			sourceTree = "<group>";
		};
		18AA15D01B10905000B14227 /* EXTabBarControllerTests */ = {
			isa = PBXGroup;
			children = (
				18AA15D31B10905000B14227 /* EXTabBarControllerTests.m */,
				18AA15D11B10905000B14227 /* Supporting Files */,
			);
			path = EXTabBarControllerTests;
			sourceTree = "<group>";
		};
		18AA15D11B10905000B14227 /* Supporting Files */ = {
			isa = PBXGroup;
			children = (
				18AA15D21B10905000B14227 /* Info.plist */,
			);
			name = "Supporting Files";
			sourceTree = "<group>";
		};
		18AA15DD1B10905D00B14227 /* Classes */ = {
			isa = PBXGroup;
			children = (
				18AA15DE1B10907800B14227 /* EXTabBarController.h */,
				18AA15DF1B10907800B14227 /* EXTabBarController.m */,
				18AA15E11B10A1A500B14227 /* EXTabBar.h */,
				18AA15E21B10A1A500B14227 /* EXTabBar.m */,
				18AA15E41B10A1E600B14227 /* EXTabBarItem.h */,
				18AA15E51B10A1E600B14227 /* EXTabBarItem.m */,
			);
			path = Classes;
			sourceTree = SOURCE_ROOT;
		};
/* End PBXGroup section */

/* Begin PBXNativeTarget section */
		18AA15B31B10905000B14227 /* EXTabBarController */ = {
			isa = PBXNativeTarget;
			buildConfigurationList = 18AA15D71B10905000B14227 /* Build configuration list for PBXNativeTarget "EXTabBarController" */;
			buildPhases = (
				18AA15B01B10905000B14227 /* Sources */,
				18AA15B11B10905000B14227 /* Frameworks */,
				18AA15B21B10905000B14227 /* Resources */,
			);
			buildRules = (
			);
			dependencies = (
			);
			name = EXTabBarController;
			productName = EXTabBarController;
			productReference = 18AA15B41B10905000B14227 /* EXTabBarController.app */;
			productType = "com.apple.product-type.application";
		};
		18AA15CC1B10905000B14227 /* EXTabBarControllerTests */ = {
			isa = PBXNativeTarget;
			buildConfigurationList = 18AA15DA1B10905000B14227 /* Build configuration list for PBXNativeTarget "EXTabBarControllerTests" */;
			buildPhases = (
				18AA15C91B10905000B14227 /* Sources */,
				18AA15CA1B10905000B14227 /* Frameworks */,
				18AA15CB1B10905000B14227 /* Resources */,
			);
			buildRules = (
			);
			dependencies = (
				18AA15CF1B10905000B14227 /* PBXTargetDependency */,
			);
			name = EXTabBarControllerTests;
			productName = EXTabBarControllerTests;
			productReference = 18AA15CD1B10905000B14227 /* EXTabBarControllerTests.xctest */;
			productType = "com.apple.product-type.bundle.unit-test";
		};
/* End PBXNativeTarget section */

/* Begin PBXProject section */
		18AA15AC1B10905000B14227 /* Project object */ = {
			isa = PBXProject;
			attributes = {
				LastUpgradeCheck = 0630;
				ORGANIZATIONNAME = DeltaX;
				TargetAttributes = {
					18AA15B31B10905000B14227 = {
						CreatedOnToolsVersion = 6.3;
					};
					18AA15CC1B10905000B14227 = {
						CreatedOnToolsVersion = 6.3;
						TestTargetID = 18AA15B31B10905000B14227;
					};
				};
			};
			buildConfigurationList = 18AA15AF1B10905000B14227 /* Build configuration list for PBXProject "EXTabBarController" */;
			compatibilityVersion = "Xcode 3.2";
			developmentRegion = English;
			hasScannedForEncodings = 0;
			knownRegions = (
				en,
				Base,
			);
			mainGroup = 18AA15AB1B10905000B14227;
			productRefGroup = 18AA15B51B10905000B14227 /* Products */;
			projectDirPath = "";
			projectRoot = "";
			targets = (
				18AA15B31B10905000B14227 /* EXTabBarController */,
				18AA15CC1B10905000B14227 /* EXTabBarControllerTests */,
			);
		};
/* End PBXProject section */

/* Begin PBXResourcesBuildPhase section */
		18AA15B21B10905000B14227 /* Resources */ = {
			isa = PBXResourcesBuildPhase;
			buildActionMask = 2147483647;
			files = (
				18AA15C81B10905000B14227 /* LaunchScreen.xib in Resources */,
				18AA15C51B10905000B14227 /* Images.xcassets in Resources */,
			);
			runOnlyForDeploymentPostprocessing = 0;
		};
		18AA15CB1B10905000B14227 /* Resources */ = {
			isa = PBXResourcesBuildPhase;
			buildActionMask = 2147483647;
			files = (
			);
			runOnlyForDeploymentPostprocessing = 0;
		};
/* End PBXResourcesBuildPhase section */

/* Begin PBXSourcesBuildPhase section */
		18AA15B01B10905000B14227 /* Sources */ = {
			isa = PBXSourcesBuildPhase;
			buildActionMask = 2147483647;
			files = (
				18AA15E31B10A1A500B14227 /* EXTabBar.m in Sources */,
				18AA15E61B10A1E600B14227 /* EXTabBarItem.m in Sources */,
				18AA15E01B10907800B14227 /* EXTabBarController.m in Sources */,
				18AA15C01B10905000B14227 /* ViewController.m in Sources */,
				18AA15BD1B10905000B14227 /* AppDelegate.m in Sources */,
				18AA15BA1B10905000B14227 /* main.m in Sources */,
			);
			runOnlyForDeploymentPostprocessing = 0;
		};
		18AA15C91B10905000B14227 /* Sources */ = {
			isa = PBXSourcesBuildPhase;
			buildActionMask = 2147483647;
			files = (
				18AA15D41B10905000B14227 /* EXTabBarControllerTests.m in Sources */,
			);
			runOnlyForDeploymentPostprocessing = 0;
		};
/* End PBXSourcesBuildPhase section */

/* Begin PBXTargetDependency section */
		18AA15CF1B10905000B14227 /* PBXTargetDependency */ = {
			isa = PBXTargetDependency;
			target = 18AA15B31B10905000B14227 /* EXTabBarController */;
			targetProxy = 18AA15CE1B10905000B14227 /* PBXContainerItemProxy */;
		};
/* End PBXTargetDependency section */

/* Begin PBXVariantGroup section */
		18AA15C61B10905000B14227 /* LaunchScreen.xib */ = {
			isa = PBXVariantGroup;
			children = (
				18AA15C71B10905000B14227 /* Base */,
			);
			name = LaunchScreen.xib;
			sourceTree = "<group>";
		};
/* End PBXVariantGroup section */

/* Begin XCBuildConfiguration section */
		18AA15D51B10905000B14227 /* Debug */ = {
			isa = XCBuildConfiguration;
			buildSettings = {
				ALWAYS_SEARCH_USER_PATHS = NO;
				CLANG_CXX_LANGUAGE_STANDARD = "gnu++0x";
				CLANG_CXX_LIBRARY = "libc++";
				CLANG_ENABLE_MODULES = YES;
				CLANG_ENABLE_OBJC_ARC = YES;
				CLANG_WARN_BOOL_CONVERSION = YES;
				CLANG_WARN_CONSTANT_CONVERSION = YES;
				CLANG_WARN_DIRECT_OBJC_ISA_USAGE = YES_ERROR;
				CLANG_WARN_EMPTY_BODY = YES;
				CLANG_WARN_ENUM_CONVERSION = YES;
				CLANG_WARN_INT_CONVERSION = YES;
				CLANG_WARN_OBJC_ROOT_CLASS = YES_ERROR;
				CLANG_WARN_UNREACHABLE_CODE = YES;
				CLANG_WARN__DUPLICATE_METHOD_MATCH = YES;
				"CODE_SIGN_IDENTITY[sdk=iphoneos*]" = "iPhone Developer";
				COPY_PHASE_STRIP = NO;
				DEBUG_INFORMATION_FORMAT = "dwarf-with-dsym";
				ENABLE_STRICT_OBJC_MSGSEND = YES;
				GCC_C_LANGUAGE_STANDARD = gnu99;
				GCC_DYNAMIC_NO_PIC = NO;
				GCC_NO_COMMON_BLOCKS = YES;
				GCC_OPTIMIZATION_LEVEL = 0;
				GCC_PREPROCESSOR_DEFINITIONS = (
					"DEBUG=1",
					"$(inherited)",
				);
				GCC_SYMBOLS_PRIVATE_EXTERN = NO;
				GCC_WARN_64_TO_32_BIT_CONVERSION = YES;
				GCC_WARN_ABOUT_RETURN_TYPE = YES_ERROR;
				GCC_WARN_UNDECLARED_SELECTOR = YES;
				GCC_WARN_UNINITIALIZED_AUTOS = YES_AGGRESSIVE;
				GCC_WARN_UNUSED_FUNCTION = YES;
				GCC_WARN_UNUSED_VARIABLE = YES;
				IPHONEOS_DEPLOYMENT_TARGET = 8.3;
				MTL_ENABLE_DEBUG_INFO = YES;
				ONLY_ACTIVE_ARCH = YES;
				SDKROOT = iphoneos;
			};
			name = Debug;
		};
		18AA15D61B10905000B14227 /* Release */ = {
			isa = XCBuildConfiguration;
			buildSettings = {
				ALWAYS_SEARCH_USER_PATHS = NO;
				CLANG_CXX_LANGUAGE_STANDARD = "gnu++0x";
				CLANG_CXX_LIBRARY = "libc++";
				CLANG_ENABLE_MODULES = YES;
				CLANG_ENABLE_OBJC_ARC = YES;
				CLANG_WARN_BOOL_CONVERSION = YES;
				CLANG_WARN_CONSTANT_CONVERSION = YES;
				CLANG_WARN_DIRECT_OBJC_ISA_USAGE = YES_ERROR;
				CLANG_WARN_EMPTY_BODY = YES;
				CLANG_WARN_ENUM_CONVERSION = YES;
				CLANG_WARN_INT_CONVERSION = YES;
				CLANG_WARN_OBJC_ROOT_CLASS = YES_ERROR;
				CLANG_WARN_UNREACHABLE_CODE = YES;
				CLANG_WARN__DUPLICATE_METHOD_MATCH = YES;
				"CODE_SIGN_IDENTITY[sdk=iphoneos*]" = "iPhone Developer";
				COPY_PHASE_STRIP = NO;
				DEBUG_INFORMATION_FORMAT = "dwarf-with-dsym";
				ENABLE_NS_ASSERTIONS = NO;
				ENABLE_STRICT_OBJC_MSGSEND = YES;
				GCC_C_LANGUAGE_STANDARD = gnu99;
				GCC_NO_COMMON_BLOCKS = YES;
				GCC_WARN_64_TO_32_BIT_CONVERSION = YES;
				GCC_WARN_ABOUT_RETURN_TYPE = YES_ERROR;
				GCC_WARN_UNDECLARED_SELECTOR = YES;
				GCC_WARN_UNINITIALIZED_AUTOS = YES_AGGRESSIVE;
				GCC_WARN_UNUSED_FUNCTION = YES;
				GCC_WARN_UNUSED_VARIABLE = YES;
				IPHONEOS_DEPLOYMENT_TARGET = 8.3;
				MTL_ENABLE_DEBUG_INFO = NO;
				SDKROOT = iphoneos;
				VALIDATE_PRODUCT = YES;
			};
			name = Release;
		};
		18AA15D81B10905000B14227 /* Debug */ = {
			isa = XCBuildConfiguration;
			buildSettings = {
				ASSETCATALOG_COMPILER_APPICON_NAME = AppIcon;
				INFOPLIST_FILE = EXTabBarController/Info.plist;
				LD_RUNPATH_SEARCH_PATHS = "$(inherited) @executable_path/Frameworks";
				PRODUCT_NAME = "$(TARGET_NAME)";
			};
			name = Debug;
		};
		18AA15D91B10905000B14227 /* Release */ = {
			isa = XCBuildConfiguration;
			buildSettings = {
				ASSETCATALOG_COMPILER_APPICON_NAME = AppIcon;
				INFOPLIST_FILE = EXTabBarController/Info.plist;
				LD_RUNPATH_SEARCH_PATHS = "$(inherited) @executable_path/Frameworks";
				PRODUCT_NAME = "$(TARGET_NAME)";
			};
			name = Release;
		};
		18AA15DB1B10905000B14227 /* Debug */ = {
			isa = XCBuildConfiguration;
			buildSettings = {
				BUNDLE_LOADER = "$(TEST_HOST)";
				FRAMEWORK_SEARCH_PATHS = (
					"$(SDKROOT)/Developer/Library/Frameworks",
					"$(inherited)",
				);
				GCC_PREPROCESSOR_DEFINITIONS = (
					"DEBUG=1",
					"$(inherited)",
				);
				INFOPLIST_FILE = EXTabBarControllerTests/Info.plist;
				LD_RUNPATH_SEARCH_PATHS = "$(inherited) @executable_path/Frameworks @loader_path/Frameworks";
				PRODUCT_NAME = "$(TARGET_NAME)";
				TEST_HOST = "$(BUILT_PRODUCTS_DIR)/EXTabBarController.app/EXTabBarController";
			};
			name = Debug;
		};
		18AA15DC1B10905000B14227 /* Release */ = {
			isa = XCBuildConfiguration;
			buildSettings = {
				BUNDLE_LOADER = "$(TEST_HOST)";
				FRAMEWORK_SEARCH_PATHS = (
					"$(SDKROOT)/Developer/Library/Frameworks",
					"$(inherited)",
				);
				INFOPLIST_FILE = EXTabBarControllerTests/Info.plist;
				LD_RUNPATH_SEARCH_PATHS = "$(inherited) @executable_path/Frameworks @loader_path/Frameworks";
				PRODUCT_NAME = "$(TARGET_NAME)";
				TEST_HOST = "$(BUILT_PRODUCTS_DIR)/EXTabBarController.app/EXTabBarController";
			};
			name = Release;
		};
/* End XCBuildConfiguration section */

/* Begin XCConfigurationList section */
		18AA15AF1B10905000B14227 /* Build configuration list for PBXProject "EXTabBarController" */ = {
			isa = XCConfigurationList;
			buildConfigurations = (
				18AA15D51B10905000B14227 /* Debug */,
				18AA15D61B10905000B14227 /* Release */,
			);
			defaultConfigurationIsVisible = 0;
			defaultConfigurationName = Release;
		};
		18AA15D71B10905000B14227 /* Build configuration list for PBXNativeTarget "EXTabBarController" */ = {
			isa = XCConfigurationList;
			buildConfigurations = (
				18AA15D81B10905000B14227 /* Debug */,
				18AA15D91B10905000B14227 /* Release */,
			);
			defaultConfigurationIsVisible = 0;
			defaultConfigurationName = Release;
		};
		18AA15DA1B10905000B14227 /* Build configuration list for PBXNativeTarget "EXTabBarControllerTests" */ = {
			isa = XCConfigurationList;
			buildConfigurations = (
				18AA15DB1B10905000B14227 /* Debug */,
				18AA15DC1B10905000B14227 /* Release */,
			);
			defaultConfigurationIsVisible = 0;
			defaultConfigurationName = Release;
		};
/* End XCConfigurationList section */
	};
	rootObject = 18AA15AC1B10905000B14227 /* Project object */;
}
